
Microsoft Visual Studio Solution File, Format Version 12.00
# Visual Studio Version 16
VisualStudioVersion = 16.0.31320.298
MinimumVisualStudioVersion = 10.0.40219.1
Project("{2150E333-8FDC-42A3-9474-1A3956D46DE8}") = "About", "About", "{832E1CF4-C0DC-4577-9210-30BBD5B0A56A}"
	ProjectSection(SolutionItems) = preProject
		DiscreteLogics.ruleset = DiscreteLogics.ruleset
		HowTo Images.txt = HowTo Images.txt
		ReleasePreparation.msbuild = ReleasePreparation.msbuild
		TeaHouse.vsmdi = TeaHouse.vsmdi
	EndProjectSection
EndProject
Project("{2150E333-8FDC-42A3-9474-1A3956D46DE8}") = "Tests", "Tests", "{625B271C-204E-42FA-85F0-DFAF3CEF0E82}"
EndProject
Project("{2150E333-8FDC-42A3-9474-1A3956D46DE8}") = "Persistence", "Persistence", "{5BFC6FE8-6938-48A3-9E97-2D5C4B731F72}"
EndProject
Project("{2150E333-8FDC-42A3-9474-1A3956D46DE8}") = "DevApps", "DevApps", "{74DAFC2F-6A26-4317-AF64-85E4331C35BB}"
EndProject
Project("{2150E333-8FDC-42A3-9474-1A3956D46DE8}") = "Examples", "Examples", "{A85E9401-B98D-4E47-BE9D-DB4C00D68CCF}"
EndProject
Project("{2150E333-8FDC-42A3-9474-1A3956D46DE8}") = "ProjectTemplates", "ProjectTemplates", "{D393DC2F-A788-4620-BA62-A8E75D9842C1}"
EndProject
Project("{2150E333-8FDC-42A3-9474-1A3956D46DE8}") = "SideApps", "SideApps", "{A9056CD3-158E-4756-B69F-4BCC8BC2F10E}"
EndProject
Project("{2150E333-8FDC-42A3-9474-1A3956D46DE8}") = "Shell", "Shell", "{1872D1E8-69A1-4EA1-AA4D-55D7B3480FF3}"
EndProject
Project("{FAE04EC0-301F-11D3-BF4B-00C04F79EFBC}") = "Common.Tests", "Common.Tests\Common.Tests.csproj", "{1D911FFA-F85C-4A6B-8F88-9F12C08D536E}"
EndProject
Project("{FAE04EC0-301F-11D3-BF4B-00C04F79EFBC}") = "Common.UI.Tests", "Common.UI.Tests\Common.UI.Tests.csproj", "{ACF5B9AB-554D-4019-B04E-3F0C92540C1B}"
EndProject
Project("{FAE04EC0-301F-11D3-BF4B-00C04F79EFBC}") = "TeaFiles.Test", "..\TeaFiles.Net\TeaFiles.Test\TeaFiles.Test.csproj", "{DB9B6FE9-849F-491D-A356-0609EC45F441}"
EndProject
Project("{FAE04EC0-301F-11D3-BF4B-00C04F79EFBC}") = "TeaHouse.Tests", "TeaHouse.Tests\TeaHouse.Tests.csproj", "{C16CFE21-E51C-46BE-B49A-EBE2E9456C9B}"
EndProject
Project("{FAE04EC0-301F-11D3-BF4B-00C04F79EFBC}") = "TestUtils", "Tests\TestUtils.csproj", "{4856228C-791C-4438-98DB-B6A6137B5568}"
EndProject
Project("{FAE04EC0-301F-11D3-BF4B-00C04F79EFBC}") = "Yahoo.Package.Tests", "Yahoo.Tests\Yahoo.Package.Tests.csproj", "{CE88C64E-0EF0-45E2-81DA-BFDF28201FFE}"
EndProject
Project("{9A19103F-16F7-4668-BE54-9A1E7A4F7556}") = "TeaFiles", "..\TeaFiles.Net\TeaFiles\TeaFiles.csproj", "{C85B6FF7-387D-48FA-9377-E2C9DD76FEB6}"
EndProject
Project("{FAE04EC0-301F-11D3-BF4B-00C04F79EFBC}") = "TeaHouse.TestApplication", "TeaHouse.TestApplication\TeaHouse.TestApplication.csproj", "{D14F663B-A2B2-4A02-B8E6-7725434D3638}"
EndProject
Project("{FAE04EC0-301F-11D3-BF4B-00C04F79EFBC}") = "TestCon", "TestCon\TestCon.csproj", "{4A42F523-7B2A-4A8E-822B-710B782C42AB}"
EndProject
Project("{FAE04EC0-301F-11D3-BF4B-00C04F79EFBC}") = "PainterExample", "PainterExample\PainterExample.csproj", "{19C2C105-0F9B-4EBE-9280-46A1A2A325F3}"
EndProject
Project("{FAE04EC0-301F-11D3-BF4B-00C04F79EFBC}") = "PainterLibraryTemplate", "PainterLibraryTemplate\PainterLibraryTemplate.csproj", "{401FA0A8-0FE5-4DB9-959C-56087103724A}"
EndProject
Project("{FAE04EC0-301F-11D3-BF4B-00C04F79EFBC}") = "Yahoo", "Yahoo\Yahoo.csproj", "{6769EB0C-6075-4C4D-8AED-D3EE5C3EC24E}"
EndProject
Project("{FAE04EC0-301F-11D3-BF4B-00C04F79EFBC}") = "PainterLab", "PainterLab\PainterLab.csproj", "{9F038AFD-9289-466E-AC82-1FB2C63674D6}"
EndProject
Project("{8BC9CEB8-8B4A-11D0-8D11-00A0C91BC942}") = "TeaHouseShell", "Shell\TeaHouseShell\TeaHouseShell.vcxproj", "{6CF8F274-08E0-4256-AD53-2D1FA43FAFCA}"
	ProjectSection(ProjectDependencies) = postProject
		{C0CB10A6-4B62-40F7-B65E-76FD446B23BB} = {C0CB10A6-4B62-40F7-B65E-76FD446B23BB}
	EndProjectSection
EndProject
Project("{8BC9CEB8-8B4A-11D0-8D11-00A0C91BC942}") = "TeaHouseShellUI", "Shell\TeaHouseShellUI\TeaHouseShellUI.vcxproj", "{374FBBA4-EB1B-48C8-A417-405BF5C494E7}"
	ProjectSection(ProjectDependencies) = postProject
		{C0CB10A6-4B62-40F7-B65E-76FD446B23BB} = {C0CB10A6-4B62-40F7-B65E-76FD446B23BB}
	EndProjectSection
EndProject
Project("{FAE04EC0-301F-11D3-BF4B-00C04F79EFBC}") = "ShellExtensionsVSIX", "Shell\ShellExtensionsVSIX\ShellExtensionsVSIX.csproj", "{32AE97CD-3AF0-45E0-8C56-FF1009AED454}"
EndProject
Project("{930C7802-8A8C-48F9-8165-68863BCCD9DD}") = "TeaHouseShellSetup", "Shell\TeaHouseShellSetup\TeaHouseShellSetup.wixproj", "{F750C0D7-BE1B-4FEC-9FCF-55C6575ACAE3}"
	ProjectSection(ProjectDependencies) = postProject
		{6CF8F274-08E0-4256-AD53-2D1FA43FAFCA} = {6CF8F274-08E0-4256-AD53-2D1FA43FAFCA}
		{374FBBA4-EB1B-48C8-A417-405BF5C494E7} = {374FBBA4-EB1B-48C8-A417-405BF5C494E7}
	EndProjectSection
EndProject
Project("{930C7802-8A8C-48F9-8165-68863BCCD9DD}") = "TeaHouseShellBootstrapper", "Shell\TeaHouseShellBootstrapper\TeaHouseShellBootstrapper.wixproj", "{090EE1EA-C093-4B19-8497-05EAA3BF7B4C}"
	ProjectSection(ProjectDependencies) = postProject
		{F750C0D7-BE1B-4FEC-9FCF-55C6575ACAE3} = {F750C0D7-BE1B-4FEC-9FCF-55C6575ACAE3}
	EndProjectSection
EndProject
Project("{FAE04EC0-301F-11D3-BF4B-00C04F79EFBC}") = "Common", "Common\Common.csproj", "{7114A9AA-1A18-4CDC-86D8-B600A5D3321D}"
EndProject
Project("{FAE04EC0-301F-11D3-BF4B-00C04F79EFBC}") = "Common.UI", "Common.UI\Common.UI.csproj", "{40E827A5-2528-444A-B9D2-F5C2E3FB9422}"
EndProject
Project("{FAE04EC0-301F-11D3-BF4B-00C04F79EFBC}") = "TeaHouse", "TeaHouse\TeaHouse.csproj", "{C0CB10A6-4B62-40F7-B65E-76FD446B23BB}"
EndProject
Project("{FAE04EC0-301F-11D3-BF4B-00C04F79EFBC}") = "TestFileGenerator", "TestFileGenerator\TestFileGenerator.csproj", "{BB123C91-3EA6-4642-9715-7950CB0714A3}"
EndProject
Project("{888888A0-9F3D-457C-B088-3A5042F75D52}") = "TeaFile.Py.Lab", "TeaFile.Py.Lab\TeaFile.Py.Lab.pyproj", "{67A5967C-759A-4F14-8F6E-0A7CF36B6427}"
EndProject
Global
	GlobalSection(SolutionConfigurationPlatforms) = preSolution
		Debug|Any CPU = Debug|Any CPU
		Debug|Mixed Platforms = Debug|Mixed Platforms
		Debug|Win32 = Debug|Win32
		Debug|x86 = Debug|x86
		Release|Any CPU = Release|Any CPU
		Release|Mixed Platforms = Release|Mixed Platforms
		Release|Win32 = Release|Win32
		Release|x86 = Release|x86
	EndGlobalSection
	GlobalSection(ProjectConfigurationPlatforms) = postSolution
		{1D911FFA-F85C-4A6B-8F88-9F12C08D536E}.Debug|Any CPU.ActiveCfg = Debug|Any CPU
		{1D911FFA-F85C-4A6B-8F88-9F12C08D536E}.Debug|Any CPU.Build.0 = Debug|Any CPU
		{1D911FFA-F85C-4A6B-8F88-9F12C08D536E}.Debug|Mixed Platforms.ActiveCfg = Debug|Any CPU
		{1D911FFA-F85C-4A6B-8F88-9F12C08D536E}.Debug|Mixed Platforms.Build.0 = Debug|Any CPU
		{1D911FFA-F85C-4A6B-8F88-9F12C08D536E}.Debug|Win32.ActiveCfg = Debug|Any CPU
		{1D911FFA-F85C-4A6B-8F88-9F12C08D536E}.Debug|x86.ActiveCfg = Debug|Any CPU
		{1D911FFA-F85C-4A6B-8F88-9F12C08D536E}.Release|Any CPU.ActiveCfg = Release|Any CPU
		{1D911FFA-F85C-4A6B-8F88-9F12C08D536E}.Release|Any CPU.Build.0 = Release|Any CPU
		{1D911FFA-F85C-4A6B-8F88-9F12C08D536E}.Release|Mixed Platforms.ActiveCfg = Release|Any CPU
		{1D911FFA-F85C-4A6B-8F88-9F12C08D536E}.Release|Mixed Platforms.Build.0 = Release|Any CPU
		{1D911FFA-F85C-4A6B-8F88-9F12C08D536E}.Release|Win32.ActiveCfg = Release|Any CPU
		{1D911FFA-F85C-4A6B-8F88-9F12C08D536E}.Release|x86.ActiveCfg = Release|Any CPU
		{ACF5B9AB-554D-4019-B04E-3F0C92540C1B}.Debug|Any CPU.ActiveCfg = Debug|Any CPU
		{ACF5B9AB-554D-4019-B04E-3F0C92540C1B}.Debug|Any CPU.Build.0 = Debug|Any CPU
		{ACF5B9AB-554D-4019-B04E-3F0C92540C1B}.Debug|Mixed Platforms.ActiveCfg = Debug|Any CPU
		{ACF5B9AB-554D-4019-B04E-3F0C92540C1B}.Debug|Mixed Platforms.Build.0 = Debug|Any CPU
		{ACF5B9AB-554D-4019-B04E-3F0C92540C1B}.Debug|Win32.ActiveCfg = Debug|Any CPU
		{ACF5B9AB-554D-4019-B04E-3F0C92540C1B}.Debug|x86.ActiveCfg = Debug|Any CPU
		{ACF5B9AB-554D-4019-B04E-3F0C92540C1B}.Release|Any CPU.ActiveCfg = Release|Any CPU
		{ACF5B9AB-554D-4019-B04E-3F0C92540C1B}.Release|Any CPU.Build.0 = Release|Any CPU
		{ACF5B9AB-554D-4019-B04E-3F0C92540C1B}.Release|Mixed Platforms.ActiveCfg = Release|Any CPU
		{ACF5B9AB-554D-4019-B04E-3F0C92540C1B}.Release|Mixed Platforms.Build.0 = Release|Any CPU
		{ACF5B9AB-554D-4019-B04E-3F0C92540C1B}.Release|Win32.ActiveCfg = Release|Any CPU
		{ACF5B9AB-554D-4019-B04E-3F0C92540C1B}.Release|x86.ActiveCfg = Release|Any CPU
		{DB9B6FE9-849F-491D-A356-0609EC45F441}.Debug|Any CPU.ActiveCfg = Debug|Any CPU
		{DB9B6FE9-849F-491D-A356-0609EC45F441}.Debug|Any CPU.Build.0 = Debug|Any CPU
		{DB9B6FE9-849F-491D-A356-0609EC45F441}.Debug|Mixed Platforms.ActiveCfg = Debug|Any CPU
		{DB9B6FE9-849F-491D-A356-0609EC45F441}.Debug|Mixed Platforms.Build.0 = Debug|Any CPU
		{DB9B6FE9-849F-491D-A356-0609EC45F441}.Debug|Win32.ActiveCfg = Debug|Any CPU
		{DB9B6FE9-849F-491D-A356-0609EC45F441}.Debug|x86.ActiveCfg = Debug|Any CPU
		{DB9B6FE9-849F-491D-A356-0609EC45F441}.Release|Any CPU.ActiveCfg = Release|Any CPU
		{DB9B6FE9-849F-491D-A356-0609EC45F441}.Release|Any CPU.Build.0 = Release|Any CPU
		{DB9B6FE9-849F-491D-A356-0609EC45F441}.Release|Mixed Platforms.ActiveCfg = Release|Any CPU
		{DB9B6FE9-849F-491D-A356-0609EC45F441}.Release|Mixed Platforms.Build.0 = Release|Any CPU
		{DB9B6FE9-849F-491D-A356-0609EC45F441}.Release|Win32.ActiveCfg = Release|Any CPU
		{DB9B6FE9-849F-491D-A356-0609EC45F441}.Release|x86.ActiveCfg = Release|Any CPU
		{C16CFE21-E51C-46BE-B49A-EBE2E9456C9B}.Debug|Any CPU.ActiveCfg = Debug|Any CPU
		{C16CFE21-E51C-46BE-B49A-EBE2E9456C9B}.Debug|Any CPU.Build.0 = Debug|Any CPU
		{C16CFE21-E51C-46BE-B49A-EBE2E9456C9B}.Debug|Mixed Platforms.ActiveCfg = Debug|Any CPU
		{C16CFE21-E51C-46BE-B49A-EBE2E9456C9B}.Debug|Mixed Platforms.Build.0 = Debug|Any CPU
		{C16CFE21-E51C-46BE-B49A-EBE2E9456C9B}.Debug|Win32.ActiveCfg = Debug|Any CPU
		{C16CFE21-E51C-46BE-B49A-EBE2E9456C9B}.Debug|x86.ActiveCfg = Debug|Any CPU
		{C16CFE21-E51C-46BE-B49A-EBE2E9456C9B}.Release|Any CPU.ActiveCfg = Release|Any CPU
		{C16CFE21-E51C-46BE-B49A-EBE2E9456C9B}.Release|Any CPU.Build.0 = Release|Any CPU
		{C16CFE21-E51C-46BE-B49A-EBE2E9456C9B}.Release|Mixed Platforms.ActiveCfg = Release|Any CPU
		{C16CFE21-E51C-46BE-B49A-EBE2E9456C9B}.Release|Mixed Platforms.Build.0 = Release|Any CPU
		{C16CFE21-E51C-46BE-B49A-EBE2E9456C9B}.Release|Win32.ActiveCfg = Release|Any CPU
		{C16CFE21-E51C-46BE-B49A-EBE2E9456C9B}.Release|x86.ActiveCfg = Release|Any CPU
		{4856228C-791C-4438-98DB-B6A6137B5568}.Debug|Any CPU.ActiveCfg = Debug|Any CPU
		{4856228C-791C-4438-98DB-B6A6137B5568}.Debug|Any CPU.Build.0 = Debug|Any CPU
		{4856228C-791C-4438-98DB-B6A6137B5568}.Debug|Mixed Platforms.ActiveCfg = Debug|Any CPU
		{4856228C-791C-4438-98DB-B6A6137B5568}.Debug|Mixed Platforms.Build.0 = Debug|Any CPU
		{4856228C-791C-4438-98DB-B6A6137B5568}.Debug|Win32.ActiveCfg = Debug|Any CPU
		{4856228C-791C-4438-98DB-B6A6137B5568}.Debug|x86.ActiveCfg = Debug|Any CPU
		{4856228C-791C-4438-98DB-B6A6137B5568}.Release|Any CPU.ActiveCfg = Release|Any CPU
		{4856228C-791C-4438-98DB-B6A6137B5568}.Release|Any CPU.Build.0 = Release|Any CPU
		{4856228C-791C-4438-98DB-B6A6137B5568}.Release|Mixed Platforms.ActiveCfg = Release|Any CPU
		{4856228C-791C-4438-98DB-B6A6137B5568}.Release|Mixed Platforms.Build.0 = Release|Any CPU
		{4856228C-791C-4438-98DB-B6A6137B5568}.Release|Win32.ActiveCfg = Release|Any CPU
		{4856228C-791C-4438-98DB-B6A6137B5568}.Release|x86.ActiveCfg = Release|Any CPU
		{CE88C64E-0EF0-45E2-81DA-BFDF28201FFE}.Debug|Any CPU.ActiveCfg = Debug|Any CPU
		{CE88C64E-0EF0-45E2-81DA-BFDF28201FFE}.Debug|Any CPU.Build.0 = Debug|Any CPU
		{CE88C64E-0EF0-45E2-81DA-BFDF28201FFE}.Debug|Mixed Platforms.ActiveCfg = Debug|Any CPU
		{CE88C64E-0EF0-45E2-81DA-BFDF28201FFE}.Debug|Mixed Platforms.Build.0 = Debug|Any CPU
		{CE88C64E-0EF0-45E2-81DA-BFDF28201FFE}.Debug|Win32.ActiveCfg = Debug|Any CPU
		{CE88C64E-0EF0-45E2-81DA-BFDF28201FFE}.Debug|x86.ActiveCfg = Debug|Any CPU
		{CE88C64E-0EF0-45E2-81DA-BFDF28201FFE}.Release|Any CPU.ActiveCfg = Release|Any CPU
		{CE88C64E-0EF0-45E2-81DA-BFDF28201FFE}.Release|Any CPU.Build.0 = Release|Any CPU
		{CE88C64E-0EF0-45E2-81DA-BFDF28201FFE}.Release|Mixed Platforms.ActiveCfg = Release|Any CPU
		{CE88C64E-0EF0-45E2-81DA-BFDF28201FFE}.Release|Mixed Platforms.Build.0 = Release|Any CPU
		{CE88C64E-0EF0-45E2-81DA-BFDF28201FFE}.Release|Win32.ActiveCfg = Release|Any CPU
		{CE88C64E-0EF0-45E2-81DA-BFDF28201FFE}.Release|x86.ActiveCfg = Release|Any CPU
		{C85B6FF7-387D-48FA-9377-E2C9DD76FEB6}.Debug|Any CPU.ActiveCfg = Debug|Any CPU
		{C85B6FF7-387D-48FA-9377-E2C9DD76FEB6}.Debug|Any CPU.Build.0 = Debug|Any CPU
		{C85B6FF7-387D-48FA-9377-E2C9DD76FEB6}.Debug|Mixed Platforms.ActiveCfg = Debug|Any CPU
		{C85B6FF7-387D-48FA-9377-E2C9DD76FEB6}.Debug|Mixed Platforms.Build.0 = Debug|Any CPU
		{C85B6FF7-387D-48FA-9377-E2C9DD76FEB6}.Debug|Win32.ActiveCfg = Debug|Any CPU
		{C85B6FF7-387D-48FA-9377-E2C9DD76FEB6}.Debug|x86.ActiveCfg = Debug|Any CPU
		{C85B6FF7-387D-48FA-9377-E2C9DD76FEB6}.Release|Any CPU.ActiveCfg = Release|Any CPU
		{C85B6FF7-387D-48FA-9377-E2C9DD76FEB6}.Release|Any CPU.Build.0 = Release|Any CPU
		{C85B6FF7-387D-48FA-9377-E2C9DD76FEB6}.Release|Mixed Platforms.ActiveCfg = Release|Any CPU
		{C85B6FF7-387D-48FA-9377-E2C9DD76FEB6}.Release|Mixed Platforms.Build.0 = Release|Any CPU
		{C85B6FF7-387D-48FA-9377-E2C9DD76FEB6}.Release|Win32.ActiveCfg = Release|Any CPU
		{C85B6FF7-387D-48FA-9377-E2C9DD76FEB6}.Release|x86.ActiveCfg = Release|Any CPU
		{D14F663B-A2B2-4A02-B8E6-7725434D3638}.Debug|Any CPU.ActiveCfg = Debug|Any CPU
		{D14F663B-A2B2-4A02-B8E6-7725434D3638}.Debug|Any CPU.Build.0 = Debug|Any CPU
		{D14F663B-A2B2-4A02-B8E6-7725434D3638}.Debug|Mixed Platforms.ActiveCfg = Debug|Any CPU
		{D14F663B-A2B2-4A02-B8E6-7725434D3638}.Debug|Mixed Platforms.Build.0 = Debug|Any CPU
		{D14F663B-A2B2-4A02-B8E6-7725434D3638}.Debug|Win32.ActiveCfg = Debug|x86
		{D14F663B-A2B2-4A02-B8E6-7725434D3638}.Debug|Win32.Build.0 = Debug|x86
		{D14F663B-A2B2-4A02-B8E6-7725434D3638}.Debug|x86.ActiveCfg = Debug|x86
		{D14F663B-A2B2-4A02-B8E6-7725434D3638}.Debug|x86.Build.0 = Debug|x86
		{D14F663B-A2B2-4A02-B8E6-7725434D3638}.Release|Any CPU.ActiveCfg = Release|Any CPU
		{D14F663B-A2B2-4A02-B8E6-7725434D3638}.Release|Any CPU.Build.0 = Release|Any CPU
		{D14F663B-A2B2-4A02-B8E6-7725434D3638}.Release|Mixed Platforms.ActiveCfg = Release|Any CPU
		{D14F663B-A2B2-4A02-B8E6-7725434D3638}.Release|Mixed Platforms.Build.0 = Release|Any CPU
		{D14F663B-A2B2-4A02-B8E6-7725434D3638}.Release|Win32.ActiveCfg = Release|x86
		{D14F663B-A2B2-4A02-B8E6-7725434D3638}.Release|Win32.Build.0 = Release|x86
		{D14F663B-A2B2-4A02-B8E6-7725434D3638}.Release|x86.ActiveCfg = Release|x86
		{D14F663B-A2B2-4A02-B8E6-7725434D3638}.Release|x86.Build.0 = Release|x86
		{4A42F523-7B2A-4A8E-822B-710B782C42AB}.Debug|Any CPU.ActiveCfg = Debug|Any CPU
		{4A42F523-7B2A-4A8E-822B-710B782C42AB}.Debug|Any CPU.Build.0 = Debug|Any CPU
		{4A42F523-7B2A-4A8E-822B-710B782C42AB}.Debug|Mixed Platforms.ActiveCfg = Debug|Any CPU
		{4A42F523-7B2A-4A8E-822B-710B782C42AB}.Debug|Mixed Platforms.Build.0 = Debug|Any CPU
		{4A42F523-7B2A-4A8E-822B-710B782C42AB}.Debug|Win32.ActiveCfg = Debug|x86
		{4A42F523-7B2A-4A8E-822B-710B782C42AB}.Debug|Win32.Build.0 = Debug|x86
		{4A42F523-7B2A-4A8E-822B-710B782C42AB}.Debug|x86.ActiveCfg = Debug|x86
		{4A42F523-7B2A-4A8E-822B-710B782C42AB}.Debug|x86.Build.0 = Debug|x86
		{4A42F523-7B2A-4A8E-822B-710B782C42AB}.Release|Any CPU.ActiveCfg = Release|Any CPU
		{4A42F523-7B2A-4A8E-822B-710B782C42AB}.Release|Any CPU.Build.0 = Release|Any CPU
		{4A42F523-7B2A-4A8E-822B-710B782C42AB}.Release|Mixed Platforms.ActiveCfg = Release|Any CPU
		{4A42F523-7B2A-4A8E-822B-710B782C42AB}.Release|Mixed Platforms.Build.0 = Release|Any CPU
		{4A42F523-7B2A-4A8E-822B-710B782C42AB}.Release|Win32.ActiveCfg = Release|x86
		{4A42F523-7B2A-4A8E-822B-710B782C42AB}.Release|Win32.Build.0 = Release|x86
		{4A42F523-7B2A-4A8E-822B-710B782C42AB}.Release|x86.ActiveCfg = Release|x86
		{4A42F523-7B2A-4A8E-822B-710B782C42AB}.Release|x86.Build.0 = Release|x86
		{19C2C105-0F9B-4EBE-9280-46A1A2A325F3}.Debug|Any CPU.ActiveCfg = Debug|Any CPU
		{19C2C105-0F9B-4EBE-9280-46A1A2A325F3}.Debug|Mixed Platforms.ActiveCfg = Debug|Any CPU
		{19C2C105-0F9B-4EBE-9280-46A1A2A325F3}.Debug|Mixed Platforms.Build.0 = Debug|Any CPU
		{19C2C105-0F9B-4EBE-9280-46A1A2A325F3}.Debug|Win32.ActiveCfg = Debug|Any CPU
		{19C2C105-0F9B-4EBE-9280-46A1A2A325F3}.Debug|x86.ActiveCfg = Debug|Any CPU
		{19C2C105-0F9B-4EBE-9280-46A1A2A325F3}.Release|Any CPU.ActiveCfg = Release|Any CPU
		{19C2C105-0F9B-4EBE-9280-46A1A2A325F3}.Release|Mixed Platforms.ActiveCfg = Release|Any CPU
		{19C2C105-0F9B-4EBE-9280-46A1A2A325F3}.Release|Mixed Platforms.Build.0 = Release|Any CPU
		{19C2C105-0F9B-4EBE-9280-46A1A2A325F3}.Release|Win32.ActiveCfg = Release|Any CPU
		{19C2C105-0F9B-4EBE-9280-46A1A2A325F3}.Release|x86.ActiveCfg = Release|Any CPU
		{401FA0A8-0FE5-4DB9-959C-56087103724A}.Debug|Any CPU.ActiveCfg = Debug|Any CPU
		{401FA0A8-0FE5-4DB9-959C-56087103724A}.Debug|Any CPU.Build.0 = Debug|Any CPU
		{401FA0A8-0FE5-4DB9-959C-56087103724A}.Debug|Mixed Platforms.ActiveCfg = Debug|Any CPU
		{401FA0A8-0FE5-4DB9-959C-56087103724A}.Debug|Mixed Platforms.Build.0 = Debug|Any CPU
		{401FA0A8-0FE5-4DB9-959C-56087103724A}.Debug|Win32.ActiveCfg = Debug|Any CPU
		{401FA0A8-0FE5-4DB9-959C-56087103724A}.Debug|x86.ActiveCfg = Debug|Any CPU
		{401FA0A8-0FE5-4DB9-959C-56087103724A}.Release|Any CPU.ActiveCfg = Release|Any CPU
		{401FA0A8-0FE5-4DB9-959C-56087103724A}.Release|Any CPU.Build.0 = Release|Any CPU
		{401FA0A8-0FE5-4DB9-959C-56087103724A}.Release|Mixed Platforms.ActiveCfg = Release|Any CPU
		{401FA0A8-0FE5-4DB9-959C-56087103724A}.Release|Mixed Platforms.Build.0 = Release|Any CPU
		{401FA0A8-0FE5-4DB9-959C-56087103724A}.Release|Win32.ActiveCfg = Release|Any CPU
		{401FA0A8-0FE5-4DB9-959C-56087103724A}.Release|x86.ActiveCfg = Release|Any CPU
		{6769EB0C-6075-4C4D-8AED-D3EE5C3EC24E}.Debug|Any CPU.ActiveCfg = Debug|Any CPU
		{6769EB0C-6075-4C4D-8AED-D3EE5C3EC24E}.Debug|Any CPU.Build.0 = Debug|Any CPU
		{6769EB0C-6075-4C4D-8AED-D3EE5C3EC24E}.Debug|Mixed Platforms.ActiveCfg = Debug|Any CPU
		{6769EB0C-6075-4C4D-8AED-D3EE5C3EC24E}.Debug|Mixed Platforms.Build.0 = Debug|Any CPU
		{6769EB0C-6075-4C4D-8AED-D3EE5C3EC24E}.Debug|Win32.ActiveCfg = Debug|Any CPU
		{6769EB0C-6075-4C4D-8AED-D3EE5C3EC24E}.Debug|x86.ActiveCfg = Debug|Any CPU
		{6769EB0C-6075-4C4D-8AED-D3EE5C3EC24E}.Release|Any CPU.ActiveCfg = Release|Any CPU
		{6769EB0C-6075-4C4D-8AED-D3EE5C3EC24E}.Release|Any CPU.Build.0 = Release|Any CPU
		{6769EB0C-6075-4C4D-8AED-D3EE5C3EC24E}.Release|Mixed Platforms.ActiveCfg = Release|Any CPU
		{6769EB0C-6075-4C4D-8AED-D3EE5C3EC24E}.Release|Mixed Platforms.Build.0 = Release|Any CPU
		{6769EB0C-6075-4C4D-8AED-D3EE5C3EC24E}.Release|Win32.ActiveCfg = Release|Any CPU
		{6769EB0C-6075-4C4D-8AED-D3EE5C3EC24E}.Release|x86.ActiveCfg = Release|Any CPU
		{9F038AFD-9289-466E-AC82-1FB2C63674D6}.Debug|Any CPU.ActiveCfg = Debug|Any CPU
		{9F038AFD-9289-466E-AC82-1FB2C63674D6}.Debug|Any CPU.Build.0 = Debug|Any CPU
		{9F038AFD-9289-466E-AC82-1FB2C63674D6}.Debug|Mixed Platforms.ActiveCfg = Debug|Any CPU
		{9F038AFD-9289-466E-AC82-1FB2C63674D6}.Debug|Mixed Platforms.Build.0 = Debug|Any CPU
		{9F038AFD-9289-466E-AC82-1FB2C63674D6}.Debug|Win32.ActiveCfg = Debug|x86
		{9F038AFD-9289-466E-AC82-1FB2C63674D6}.Debug|Win32.Build.0 = Debug|x86
		{9F038AFD-9289-466E-AC82-1FB2C63674D6}.Debug|x86.ActiveCfg = Debug|x86
		{9F038AFD-9289-466E-AC82-1FB2C63674D6}.Debug|x86.Build.0 = Debug|x86
		{9F038AFD-9289-466E-AC82-1FB2C63674D6}.Release|Any CPU.ActiveCfg = Release|Any CPU
		{9F038AFD-9289-466E-AC82-1FB2C63674D6}.Release|Any CPU.Build.0 = Release|Any CPU
		{9F038AFD-9289-466E-AC82-1FB2C63674D6}.Release|Mixed Platforms.ActiveCfg = Release|Any CPU
		{9F038AFD-9289-466E-AC82-1FB2C63674D6}.Release|Mixed Platforms.Build.0 = Release|Any CPU
		{9F038AFD-9289-466E-AC82-1FB2C63674D6}.Release|Win32.ActiveCfg = Release|x86
		{9F038AFD-9289-466E-AC82-1FB2C63674D6}.Release|Win32.Build.0 = Release|x86
		{9F038AFD-9289-466E-AC82-1FB2C63674D6}.Release|x86.ActiveCfg = Release|x86
		{9F038AFD-9289-466E-AC82-1FB2C63674D6}.Release|x86.Build.0 = Release|x86
		{6CF8F274-08E0-4256-AD53-2D1FA43FAFCA}.Debug|Any CPU.ActiveCfg = Debug|Win32
		{6CF8F274-08E0-4256-AD53-2D1FA43FAFCA}.Debug|Mixed Platforms.ActiveCfg = Debug|Win32
		{6CF8F274-08E0-4256-AD53-2D1FA43FAFCA}.Debug|Mixed Platforms.Build.0 = Debug|Win32
		{6CF8F274-08E0-4256-AD53-2D1FA43FAFCA}.Debug|Win32.ActiveCfg = Debug|Win32
		{6CF8F274-08E0-4256-AD53-2D1FA43FAFCA}.Debug|Win32.Build.0 = Debug|Win32
		{6CF8F274-08E0-4256-AD53-2D1FA43FAFCA}.Debug|x86.ActiveCfg = Debug|Win32
		{6CF8F274-08E0-4256-AD53-2D1FA43FAFCA}.Debug|x86.Build.0 = Debug|Win32
		{6CF8F274-08E0-4256-AD53-2D1FA43FAFCA}.Release|Any CPU.ActiveCfg = Release|Win32
		{6CF8F274-08E0-4256-AD53-2D1FA43FAFCA}.Release|Any CPU.Build.0 = Release|Win32
		{6CF8F274-08E0-4256-AD53-2D1FA43FAFCA}.Release|Mixed Platforms.ActiveCfg = Release|Win32
		{6CF8F274-08E0-4256-AD53-2D1FA43FAFCA}.Release|Mixed Platforms.Build.0 = Release|Win32
		{6CF8F274-08E0-4256-AD53-2D1FA43FAFCA}.Release|Win32.ActiveCfg = Release|Win32
		{6CF8F274-08E0-4256-AD53-2D1FA43FAFCA}.Release|Win32.Build.0 = Release|Win32
		{6CF8F274-08E0-4256-AD53-2D1FA43FAFCA}.Release|x86.ActiveCfg = Release|Win32
		{6CF8F274-08E0-4256-AD53-2D1FA43FAFCA}.Release|x86.Build.0 = Release|Win32
		{374FBBA4-EB1B-48C8-A417-405BF5C494E7}.Debug|Any CPU.ActiveCfg = Debug|Win32
		{374FBBA4-EB1B-48C8-A417-405BF5C494E7}.Debug|Mixed Platforms.ActiveCfg = Debug|Win32
		{374FBBA4-EB1B-48C8-A417-405BF5C494E7}.Debug|Mixed Platforms.Build.0 = Debug|Win32
		{374FBBA4-EB1B-48C8-A417-405BF5C494E7}.Debug|Win32.ActiveCfg = Debug|Win32
		{374FBBA4-EB1B-48C8-A417-405BF5C494E7}.Debug|Win32.Build.0 = Debug|Win32
		{374FBBA4-EB1B-48C8-A417-405BF5C494E7}.Debug|x86.ActiveCfg = Debug|Win32
		{374FBBA4-EB1B-48C8-A417-405BF5C494E7}.Debug|x86.Build.0 = Debug|Win32
		{374FBBA4-EB1B-48C8-A417-405BF5C494E7}.Release|Any CPU.ActiveCfg = Release|Win32
		{374FBBA4-EB1B-48C8-A417-405BF5C494E7}.Release|Any CPU.Build.0 = Release|Win32
		{374FBBA4-EB1B-48C8-A417-405BF5C494E7}.Release|Mixed Platforms.ActiveCfg = Release|Win32
		{374FBBA4-EB1B-48C8-A417-405BF5C494E7}.Release|Mixed Platforms.Build.0 = Release|Win32
		{374FBBA4-EB1B-48C8-A417-405BF5C494E7}.Release|Win32.ActiveCfg = Release|Win32
		{374FBBA4-EB1B-48C8-A417-405BF5C494E7}.Release|Win32.Build.0 = Release|Win32
		{374FBBA4-EB1B-48C8-A417-405BF5C494E7}.Release|x86.ActiveCfg = Release|Win32
		{374FBBA4-EB1B-48C8-A417-405BF5C494E7}.Release|x86.Build.0 = Release|Win32
		{32AE97CD-3AF0-45E0-8C56-FF1009AED454}.Debug|Any CPU.ActiveCfg = Debug|Any CPU
		{32AE97CD-3AF0-45E0-8C56-FF1009AED454}.Debug|Mixed Platforms.ActiveCfg = Debug|Any CPU
		{32AE97CD-3AF0-45E0-8C56-FF1009AED454}.Debug|Mixed Platforms.Build.0 = Debug|Any CPU
		{32AE97CD-3AF0-45E0-8C56-FF1009AED454}.Debug|Win32.ActiveCfg = Debug|Any CPU
		{32AE97CD-3AF0-45E0-8C56-FF1009AED454}.Debug|x86.ActiveCfg = Debug|Any CPU
		{32AE97CD-3AF0-45E0-8C56-FF1009AED454}.Release|Any CPU.ActiveCfg = Release|Any CPU
		{32AE97CD-3AF0-45E0-8C56-FF1009AED454}.Release|Any CPU.Build.0 = Release|Any CPU
		{32AE97CD-3AF0-45E0-8C56-FF1009AED454}.Release|Mixed Platforms.ActiveCfg = Release|Any CPU
		{32AE97CD-3AF0-45E0-8C56-FF1009AED454}.Release|Mixed Platforms.Build.0 = Release|Any CPU
		{32AE97CD-3AF0-45E0-8C56-FF1009AED454}.Release|Win32.ActiveCfg = Release|Any CPU
		{32AE97CD-3AF0-45E0-8C56-FF1009AED454}.Release|x86.ActiveCfg = Release|Any CPU
		{F750C0D7-BE1B-4FEC-9FCF-55C6575ACAE3}.Debug|Any CPU.ActiveCfg = Debug|x86
		{F750C0D7-BE1B-4FEC-9FCF-55C6575ACAE3}.Debug|Mixed Platforms.ActiveCfg = Debug|x86
		{F750C0D7-BE1B-4FEC-9FCF-55C6575ACAE3}.Debug|Win32.ActiveCfg = Debug|x86
		{F750C0D7-BE1B-4FEC-9FCF-55C6575ACAE3}.Debug|Win32.Build.0 = Debug|x86
		{F750C0D7-BE1B-4FEC-9FCF-55C6575ACAE3}.Debug|x86.ActiveCfg = Debug|x86
		{F750C0D7-BE1B-4FEC-9FCF-55C6575ACAE3}.Debug|x86.Build.0 = Debug|x86
		{F750C0D7-BE1B-4FEC-9FCF-55C6575ACAE3}.Release|Any CPU.ActiveCfg = Release|x86
		{F750C0D7-BE1B-4FEC-9FCF-55C6575ACAE3}.Release|Any CPU.Build.0 = Release|x86
		{F750C0D7-BE1B-4FEC-9FCF-55C6575ACAE3}.Release|Mixed Platforms.ActiveCfg = Release|x86
		{F750C0D7-BE1B-4FEC-9FCF-55C6575ACAE3}.Release|Mixed Platforms.Build.0 = Release|x86
		{F750C0D7-BE1B-4FEC-9FCF-55C6575ACAE3}.Release|Win32.ActiveCfg = Release|x86
		{F750C0D7-BE1B-4FEC-9FCF-55C6575ACAE3}.Release|Win32.Build.0 = Release|x86
		{F750C0D7-BE1B-4FEC-9FCF-55C6575ACAE3}.Release|x86.ActiveCfg = Release|x86
		{F750C0D7-BE1B-4FEC-9FCF-55C6575ACAE3}.Release|x86.Build.0 = Release|x86
		{090EE1EA-C093-4B19-8497-05EAA3BF7B4C}.Debug|Any CPU.ActiveCfg = Debug|x86
		{090EE1EA-C093-4B19-8497-05EAA3BF7B4C}.Debug|Mixed Platforms.ActiveCfg = Debug|x86
		{090EE1EA-C093-4B19-8497-05EAA3BF7B4C}.Debug|Win32.ActiveCfg = Debug|x86
		{090EE1EA-C093-4B19-8497-05EAA3BF7B4C}.Debug|Win32.Build.0 = Debug|x86
		{090EE1EA-C093-4B19-8497-05EAA3BF7B4C}.Debug|x86.ActiveCfg = Debug|x86
		{090EE1EA-C093-4B19-8497-05EAA3BF7B4C}.Debug|x86.Build.0 = Debug|x86
		{090EE1EA-C093-4B19-8497-05EAA3BF7B4C}.Release|Any CPU.ActiveCfg = Release|x86
		{090EE1EA-C093-4B19-8497-05EAA3BF7B4C}.Release|Any CPU.Build.0 = Release|x86
		{090EE1EA-C093-4B19-8497-05EAA3BF7B4C}.Release|Mixed Platforms.ActiveCfg = Release|x86
		{090EE1EA-C093-4B19-8497-05EAA3BF7B4C}.Release|Mixed Platforms.Build.0 = Release|x86
		{090EE1EA-C093-4B19-8497-05EAA3BF7B4C}.Release|Win32.ActiveCfg = Release|x86
		{090EE1EA-C093-4B19-8497-05EAA3BF7B4C}.Release|Win32.Build.0 = Release|x86
		{090EE1EA-C093-4B19-8497-05EAA3BF7B4C}.Release|x86.ActiveCfg = Release|x86
		{090EE1EA-C093-4B19-8497-05EAA3BF7B4C}.Release|x86.Build.0 = Release|x86
		{7114A9AA-1A18-4CDC-86D8-B600A5D3321D}.Debug|Any CPU.ActiveCfg = Debug|Any CPU
		{7114A9AA-1A18-4CDC-86D8-B600A5D3321D}.Debug|Any CPU.Build.0 = Debug|Any CPU
		{7114A9AA-1A18-4CDC-86D8-B600A5D3321D}.Debug|Mixed Platforms.ActiveCfg = Debug|Any CPU
		{7114A9AA-1A18-4CDC-86D8-B600A5D3321D}.Debug|Mixed Platforms.Build.0 = Debug|Any CPU
		{7114A9AA-1A18-4CDC-86D8-B600A5D3321D}.Debug|Win32.ActiveCfg = Debug|x86
		{7114A9AA-1A18-4CDC-86D8-B600A5D3321D}.Debug|Win32.Build.0 = Debug|x86
		{7114A9AA-1A18-4CDC-86D8-B600A5D3321D}.Debug|x86.ActiveCfg = Debug|x86
		{7114A9AA-1A18-4CDC-86D8-B600A5D3321D}.Debug|x86.Build.0 = Debug|x86
		{7114A9AA-1A18-4CDC-86D8-B600A5D3321D}.Release|Any CPU.ActiveCfg = Release|Any CPU
		{7114A9AA-1A18-4CDC-86D8-B600A5D3321D}.Release|Any CPU.Build.0 = Release|Any CPU
		{7114A9AA-1A18-4CDC-86D8-B600A5D3321D}.Release|Mixed Platforms.ActiveCfg = Release|Any CPU
		{7114A9AA-1A18-4CDC-86D8-B600A5D3321D}.Release|Mixed Platforms.Build.0 = Release|Any CPU
		{7114A9AA-1A18-4CDC-86D8-B600A5D3321D}.Release|Win32.ActiveCfg = Release|x86
		{7114A9AA-1A18-4CDC-86D8-B600A5D3321D}.Release|Win32.Build.0 = Release|x86
		{7114A9AA-1A18-4CDC-86D8-B600A5D3321D}.Release|x86.ActiveCfg = Release|x86
		{7114A9AA-1A18-4CDC-86D8-B600A5D3321D}.Release|x86.Build.0 = Release|x86
		{40E827A5-2528-444A-B9D2-F5C2E3FB9422}.Debug|Any CPU.ActiveCfg = Debug|Any CPU
		{40E827A5-2528-444A-B9D2-F5C2E3FB9422}.Debug|Any CPU.Build.0 = Debug|Any CPU
		{40E827A5-2528-444A-B9D2-F5C2E3FB9422}.Debug|Mixed Platforms.ActiveCfg = Debug|Any CPU
		{40E827A5-2528-444A-B9D2-F5C2E3FB9422}.Debug|Mixed Platforms.Build.0 = Debug|Any CPU
		{40E827A5-2528-444A-B9D2-F5C2E3FB9422}.Debug|Win32.ActiveCfg = Debug|x86
		{40E827A5-2528-444A-B9D2-F5C2E3FB9422}.Debug|Win32.Build.0 = Debug|x86
		{40E827A5-2528-444A-B9D2-F5C2E3FB9422}.Debug|x86.ActiveCfg = Debug|x86
		{40E827A5-2528-444A-B9D2-F5C2E3FB9422}.Debug|x86.Build.0 = Debug|x86
		{40E827A5-2528-444A-B9D2-F5C2E3FB9422}.Release|Any CPU.ActiveCfg = Release|Any CPU
		{40E827A5-2528-444A-B9D2-F5C2E3FB9422}.Release|Any CPU.Build.0 = Release|Any CPU
		{40E827A5-2528-444A-B9D2-F5C2E3FB9422}.Release|Mixed Platforms.ActiveCfg = Release|Any CPU
		{40E827A5-2528-444A-B9D2-F5C2E3FB9422}.Release|Mixed Platforms.Build.0 = Release|Any CPU
		{40E827A5-2528-444A-B9D2-F5C2E3FB9422}.Release|Win32.ActiveCfg = Release|x86
		{40E827A5-2528-444A-B9D2-F5C2E3FB9422}.Release|Win32.Build.0 = Release|x86
		{40E827A5-2528-444A-B9D2-F5C2E3FB9422}.Release|x86.ActiveCfg = Release|x86
		{40E827A5-2528-444A-B9D2-F5C2E3FB9422}.Release|x86.Build.0 = Release|x86
		{C0CB10A6-4B62-40F7-B65E-76FD446B23BB}.Debug|Any CPU.ActiveCfg = Debug|Any CPU
		{C0CB10A6-4B62-40F7-B65E-76FD446B23BB}.Debug|Any CPU.Build.0 = Debug|Any CPU
		{C0CB10A6-4B62-40F7-B65E-76FD446B23BB}.Debug|Mixed Platforms.ActiveCfg = Debug|Any CPU
		{C0CB10A6-4B62-40F7-B65E-76FD446B23BB}.Debug|Mixed Platforms.Build.0 = Debug|Any CPU
		{C0CB10A6-4B62-40F7-B65E-76FD446B23BB}.Debug|Win32.ActiveCfg = Debug|Any CPU
		{C0CB10A6-4B62-40F7-B65E-76FD446B23BB}.Debug|x86.ActiveCfg = Debug|Any CPU
		{C0CB10A6-4B62-40F7-B65E-76FD446B23BB}.Release|Any CPU.ActiveCfg = Release|Any CPU
		{C0CB10A6-4B62-40F7-B65E-76FD446B23BB}.Release|Any CPU.Build.0 = Release|Any CPU
		{C0CB10A6-4B62-40F7-B65E-76FD446B23BB}.Release|Mixed Platforms.ActiveCfg = Release|Any CPU
		{C0CB10A6-4B62-40F7-B65E-76FD446B23BB}.Release|Mixed Platforms.Build.0 = Release|Any CPU
		{C0CB10A6-4B62-40F7-B65E-76FD446B23BB}.Release|Win32.ActiveCfg = Release|Any CPU
		{C0CB10A6-4B62-40F7-B65E-76FD446B23BB}.Release|x86.ActiveCfg = Release|Any CPU
		{BB123C91-3EA6-4642-9715-7950CB0714A3}.Debug|Any CPU.ActiveCfg = Debug|Any CPU
		{BB123C91-3EA6-4642-9715-7950CB0714A3}.Debug|Any CPU.Build.0 = Debug|Any CPU
		{BB123C91-3EA6-4642-9715-7950CB0714A3}.Debug|Mixed Platforms.ActiveCfg = Debug|Any CPU
		{BB123C91-3EA6-4642-9715-7950CB0714A3}.Debug|Mixed Platforms.Build.0 = Debug|Any CPU
		{BB123C91-3EA6-4642-9715-7950CB0714A3}.Debug|Win32.ActiveCfg = Debug|Any CPU
		{BB123C91-3EA6-4642-9715-7950CB0714A3}.Debug|x86.ActiveCfg = Debug|Any CPU
		{BB123C91-3EA6-4642-9715-7950CB0714A3}.Release|Any CPU.ActiveCfg = Release|Any CPU
		{BB123C91-3EA6-4642-9715-7950CB0714A3}.Release|Any CPU.Build.0 = Release|Any CPU
		{BB123C91-3EA6-4642-9715-7950CB0714A3}.Release|Mixed Platforms.ActiveCfg = Release|Any CPU
		{BB123C91-3EA6-4642-9715-7950CB0714A3}.Release|Mixed Platforms.Build.0 = Release|Any CPU
		{BB123C91-3EA6-4642-9715-7950CB0714A3}.Release|Win32.ActiveCfg = Release|Any CPU
		{BB123C91-3EA6-4642-9715-7950CB0714A3}.Release|x86.ActiveCfg = Release|Any CPU
		{67A5967C-759A-4F14-8F6E-0A7CF36B6427}.Debug|Any CPU.ActiveCfg = Debug|Any CPU
		{67A5967C-759A-4F14-8F6E-0A7CF36B6427}.Debug|Mixed Platforms.ActiveCfg = Debug|Any CPU
		{67A5967C-759A-4F14-8F6E-0A7CF36B6427}.Debug|Win32.ActiveCfg = Debug|Any CPU
		{67A5967C-759A-4F14-8F6E-0A7CF36B6427}.Debug|x86.ActiveCfg = Debug|Any CPU
		{67A5967C-759A-4F14-8F6E-0A7CF36B6427}.Release|Any CPU.ActiveCfg = Release|Any CPU
		{67A5967C-759A-4F14-8F6E-0A7CF36B6427}.Release|Mixed Platforms.ActiveCfg = Release|Any CPU
		{67A5967C-759A-4F14-8F6E-0A7CF36B6427}.Release|Win32.ActiveCfg = Release|Any CPU
		{67A5967C-759A-4F14-8F6E-0A7CF36B6427}.Release|x86.ActiveCfg = Release|Any CPU
	EndGlobalSection
	GlobalSection(SolutionProperties) = preSolution
		HideSolutionNode = FALSE
	EndGlobalSection
	GlobalSection(NestedProjects) = preSolution
		{1D911FFA-F85C-4A6B-8F88-9F12C08D536E} = {625B271C-204E-42FA-85F0-DFAF3CEF0E82}
		{ACF5B9AB-554D-4019-B04E-3F0C92540C1B} = {625B271C-204E-42FA-85F0-DFAF3CEF0E82}
		{DB9B6FE9-849F-491D-A356-0609EC45F441} = {625B271C-204E-42FA-85F0-DFAF3CEF0E82}
		{C16CFE21-E51C-46BE-B49A-EBE2E9456C9B} = {625B271C-204E-42FA-85F0-DFAF3CEF0E82}
		{4856228C-791C-4438-98DB-B6A6137B5568} = {625B271C-204E-42FA-85F0-DFAF3CEF0E82}
		{CE88C64E-0EF0-45E2-81DA-BFDF28201FFE} = {625B271C-204E-42FA-85F0-DFAF3CEF0E82}
		{C85B6FF7-387D-48FA-9377-E2C9DD76FEB6} = {5BFC6FE8-6938-48A3-9E97-2D5C4B731F72}
		{D14F663B-A2B2-4A02-B8E6-7725434D3638} = {74DAFC2F-6A26-4317-AF64-85E4331C35BB}
		{4A42F523-7B2A-4A8E-822B-710B782C42AB} = {74DAFC2F-6A26-4317-AF64-85E4331C35BB}
		{19C2C105-0F9B-4EBE-9280-46A1A2A325F3} = {A85E9401-B98D-4E47-BE9D-DB4C00D68CCF}
		{401FA0A8-0FE5-4DB9-959C-56087103724A} = {D393DC2F-A788-4620-BA62-A8E75D9842C1}
		{6769EB0C-6075-4C4D-8AED-D3EE5C3EC24E} = {A9056CD3-158E-4756-B69F-4BCC8BC2F10E}
		{9F038AFD-9289-466E-AC82-1FB2C63674D6} = {A9056CD3-158E-4756-B69F-4BCC8BC2F10E}
		{6CF8F274-08E0-4256-AD53-2D1FA43FAFCA} = {1872D1E8-69A1-4EA1-AA4D-55D7B3480FF3}
		{374FBBA4-EB1B-48C8-A417-405BF5C494E7} = {1872D1E8-69A1-4EA1-AA4D-55D7B3480FF3}
		{32AE97CD-3AF0-45E0-8C56-FF1009AED454} = {1872D1E8-69A1-4EA1-AA4D-55D7B3480FF3}
		{F750C0D7-BE1B-4FEC-9FCF-55C6575ACAE3} = {1872D1E8-69A1-4EA1-AA4D-55D7B3480FF3}
		{090EE1EA-C093-4B19-8497-05EAA3BF7B4C} = {1872D1E8-69A1-4EA1-AA4D-55D7B3480FF3}
		{BB123C91-3EA6-4642-9715-7950CB0714A3} = {A9056CD3-158E-4756-B69F-4BCC8BC2F10E}
		{67A5967C-759A-4F14-8F6E-0A7CF36B6427} = {74DAFC2F-6A26-4317-AF64-85E4331C35BB}
	EndGlobalSection
	GlobalSection(ExtensibilityGlobals) = postSolution
		SolutionGuid = {63D3274A-9B81-4BAF-9B69-39F46776BF1C}
	EndGlobalSection
EndGlobal
